
Microsoft Visual Studio Solution File, Format Version 11.00
# Visual Studio 2010
Project("{FAE04EC0-301F-11D3-BF4B-00C04F79EFBC}") = "TaxiTab", "Assembly-CSharp.csproj", "{A40AF0C4-38F7-380C-1A65-F137370CE472}"
EndProject
Project("{FAE04EC0-301F-11D3-BF4B-00C04F79EFBC}") = "TaxiTab", "Assembly-CSharp-Editor.csproj", "{F4D24F78-655A-2081-DC46-70235ADB1399}"
EndProject
Global
	GlobalSection(SolutionConfigurationPlatforms) = preSolution
		Debug|Any CPU = Debug|Any CPU
		Release|Any CPU = Release|Any CPU
	EndGlobalSection
	GlobalSection(ProjectConfigurationPlatforms) = postSolution
		{A40AF0C4-38F7-380C-1A65-F137370CE472}.Debug|Any CPU.ActiveCfg = Debug|Any CPU
		{A40AF0C4-38F7-380C-1A65-F137370CE472}.Debug|Any CPU.Build.0 = Debug|Any CPU
		{A40AF0C4-38F7-380C-1A65-F137370CE472}.Release|Any CPU.ActiveCfg = Release|Any CPU
		{A40AF0C4-38F7-380C-1A65-F137370CE472}.Release|Any CPU.Build.0 = Release|Any CPU
		{F4D24F78-655A-2081-DC46-70235ADB1399}.Debug|Any CPU.ActiveCfg = Debug|Any CPU
		{F4D24F78-655A-2081-DC46-70235ADB1399}.Debug|Any CPU.Build.0 = Debug|Any CPU
		{F4D24F78-655A-2081-DC46-70235ADB1399}.Release|Any CPU.ActiveCfg = Release|Any CPU
		{F4D24F78-655A-2081-DC46-70235ADB1399}.Release|Any CPU.Build.0 = Release|Any CPU
	EndGlobalSection
	GlobalSection(SolutionProperties) = preSolution
		HideSolutionNode = FALSE
	EndGlobalSection
	GlobalSection(MonoDevelopProperties) = preSolution
		StartupItem = Assembly-CSharp.csproj
	EndGlobalSection
EndGlobal
